
Microsoft Visual Studio Solution File, Format Version 12.00
# Visual Studio Version 17
VisualStudioVersion = 17.2.32630.192
MinimumVisualStudioVersion = 10.0.40219.1
Project("{FAE04EC0-301F-11D3-BF4B-00C04F79EFBC}") = "DelegateTwo", "DelegateTwo.csproj", "{B8B1E516-F1C9-489D-81CC-31EE06F3A4A4}"
EndProject
Global
	GlobalSection(SolutionConfigurationPlatforms) = preSolution
		Debug|Any CPU = Debug|Any CPU
		Release|Any CPU = Release|Any CPU
	EndGlobalSection
	GlobalSection(ProjectConfigurationPlatforms) = postSolution
		{B8B1E516-F1C9-489D-81CC-31EE06F3A4A4}.Debug|Any CPU.ActiveCfg = Debug|Any CPU
		{B8B1E516-F1C9-489D-81CC-31EE06F3A4A4}.Debug|Any CPU.Build.0 = Debug|Any CPU
		{B8B1E516-F1C9-489D-81CC-31EE06F3A4A4}.Release|Any CPU.ActiveCfg = Release|Any CPU
		{B8B1E516-F1C9-489D-81CC-31EE06F3A4A4}.Release|Any CPU.Build.0 = Release|Any CPU
	EndGlobalSection
	GlobalSection(SolutionProperties) = preSolution
		HideSolutionNode = FALSE
	EndGlobalSection
	GlobalSection(ExtensibilityGlobals) = postSolution
		SolutionGuid = {E34E380F-367B-4FEF-99E6-440834CE0DF8}
	EndGlobalSection
EndGlobal
